
Microsoft Visual Studio Solution File, Format Version 12.00
# Visual Studio 15
VisualStudioVersion = 15.0.28307.572
MinimumVisualStudioVersion = 10.0.40219.1
Project("{FAE04EC0-301F-11D3-BF4B-00C04F79EFBC}") = "AccauntingTables", "AccauntingTables\AccauntingTables.csproj", "{C7FA889E-376B-42A6-BD30-B553F9423D95}"
EndProject
Global
	GlobalSection(SolutionConfigurationPlatforms) = preSolution
		Debug|Any CPU = Debug|Any CPU
		Release|Any CPU = Release|Any CPU
	EndGlobalSection
	GlobalSection(ProjectConfigurationPlatforms) = postSolution
		{C7FA889E-376B-42A6-BD30-B553F9423D95}.Debug|Any CPU.ActiveCfg = Debug|Any CPU
		{C7FA889E-376B-42A6-BD30-B553F9423D95}.Debug|Any CPU.Build.0 = Debug|Any CPU
		{C7FA889E-376B-42A6-BD30-B553F9423D95}.Release|Any CPU.ActiveCfg = Release|Any CPU
		{C7FA889E-376B-42A6-BD30-B553F9423D95}.Release|Any CPU.Build.0 = Release|Any CPU
	EndGlobalSection
	GlobalSection(SolutionProperties) = preSolution
		HideSolutionNode = FALSE
	EndGlobalSection
	GlobalSection(ExtensibilityGlobals) = postSolution
		SolutionGuid = {6920DDBC-470F-4FE6-99A0-5B84B2EB6167}
	EndGlobalSection
EndGlobal
